// !$*UTF8*$!
{
	archiveVersion = 1;
	classes = {
	};
	objectVersion = 46;
	objects = {

/* Begin PBXBuildFile section */
		601A92061D509209003EF7B8 /* RACViewController.m in Sources */ = {isa = PBXBuildFile; fileRef = 601A92051D509209003EF7B8 /* RACViewController.m */; };
		60217B151D531C14007A8B5A /* UIImage+Image.m in Sources */ = {isa = PBXBuildFile; fileRef = 60217B141D531C14007A8B5A /* UIImage+Image.m */; };
		602C26201D5040AF003AB471 /* ScrollViewController.m in Sources */ = {isa = PBXBuildFile; fileRef = 602C261F1D5040AF003AB471 /* ScrollViewController.m */; };
		60D7B2331D4AEBC6002C3757 /* main.m in Sources */ = {isa = PBXBuildFile; fileRef = 60D7B2321D4AEBC6002C3757 /* main.m */; };
		60D7B2361D4AEBC6002C3757 /* AppDelegate.m in Sources */ = {isa = PBXBuildFile; fileRef = 60D7B2351D4AEBC6002C3757 /* AppDelegate.m */; };
		60D7B2391D4AEBC6002C3757 /* ViewController.m in Sources */ = {isa = PBXBuildFile; fileRef = 60D7B2381D4AEBC6002C3757 /* ViewController.m */; };
		60D7B23C1D4AEBC6002C3757 /* Main.storyboard in Resources */ = {isa = PBXBuildFile; fileRef = 60D7B23A1D4AEBC6002C3757 /* Main.storyboard */; };
		60D7B23E1D4AEBC6002C3757 /* Assets.xcassets in Resources */ = {isa = PBXBuildFile; fileRef = 60D7B23D1D4AEBC6002C3757 /* Assets.xcassets */; };
		60D7B2411D4AEBC6002C3757 /* LaunchScreen.storyboard in Resources */ = {isa = PBXBuildFile; fileRef = 60D7B23F1D4AEBC6002C3757 /* LaunchScreen.storyboard */; };
		60D7B24A1D4B5962002C3757 /* MasonryBasic.m in Sources */ = {isa = PBXBuildFile; fileRef = 60D7B2491D4B5962002C3757 /* MasonryBasic.m */; };
		72A71C45707B97E3967E9CCE /* libPods-boomboom.a in Frameworks */ = {isa = PBXBuildFile; fileRef = 03698FEC2B37640CC6ADE7DB /* libPods-boomboom.a */; };
		E7115286183629AA36B43100 /* libPods-boomboom.a in Frameworks */ = {isa = PBXBuildFile; fileRef = 2AA32822F1643AC1444AA787 /* libPods-boomboom.a */; };
/* End PBXBuildFile section */

/* Begin PBXFileReference section */
		03698FEC2B37640CC6ADE7DB /* libPods-boomboom.a */ = {isa = PBXFileReference; explicitFileType = archive.ar; includeInIndex = 0; path = "libPods-boomboom.a"; sourceTree = BUILT_PRODUCTS_DIR; };
		2AA32822F1643AC1444AA787 /* libPods-boomboom.a */ = {isa = PBXFileReference; explicitFileType = archive.ar; includeInIndex = 0; path = "libPods-boomboom.a"; sourceTree = BUILT_PRODUCTS_DIR; };
		4387A33F7555D9BD867A059F /* Pods-boomboom.debug.xcconfig */ = {isa = PBXFileReference; includeInIndex = 1; lastKnownFileType = text.xcconfig; name = "Pods-boomboom.debug.xcconfig"; path = "Pods/Target Support Files/Pods-boomboom/Pods-boomboom.debug.xcconfig"; sourceTree = "<group>"; };
		461C547269797FD6D8B114E6 /* Pods-boomboom.release.xcconfig */ = {isa = PBXFileReference; includeInIndex = 1; lastKnownFileType = text.xcconfig; name = "Pods-boomboom.release.xcconfig"; path = "Pods/Target Support Files/Pods-boomboom/Pods-boomboom.release.xcconfig"; sourceTree = "<group>"; };
		601A92041D509209003EF7B8 /* RACViewController.h */ = {isa = PBXFileReference; fileEncoding = 4; lastKnownFileType = sourcecode.c.h; name = RACViewController.h; path = Boomboom/RACViewController.h; sourceTree = SOURCE_ROOT; };
		601A92051D509209003EF7B8 /* RACViewController.m */ = {isa = PBXFileReference; fileEncoding = 4; lastKnownFileType = sourcecode.c.objc; name = RACViewController.m; path = Boomboom/RACViewController.m; sourceTree = SOURCE_ROOT; };
		60217B131D531C14007A8B5A /* UIImage+Image.h */ = {isa = PBXFileReference; fileEncoding = 4; lastKnownFileType = sourcecode.c.h; name = "UIImage+Image.h"; path = "Boomboom/UIImage+Image.h"; sourceTree = SOURCE_ROOT; };
		60217B141D531C14007A8B5A /* UIImage+Image.m */ = {isa = PBXFileReference; fileEncoding = 4; lastKnownFileType = sourcecode.c.objc; name = "UIImage+Image.m"; path = "Boomboom/UIImage+Image.m"; sourceTree = SOURCE_ROOT; };
		602C261E1D5040AF003AB471 /* ScrollViewController.h */ = {isa = PBXFileReference; fileEncoding = 4; lastKnownFileType = sourcecode.c.h; path = ScrollViewController.h; sourceTree = "<group>"; };
		602C261F1D5040AF003AB471 /* ScrollViewController.m */ = {isa = PBXFileReference; fileEncoding = 4; lastKnownFileType = sourcecode.c.objc; path = ScrollViewController.m; sourceTree = "<group>"; };
		60D7B22E1D4AEBC6002C3757 /* boomboom.app */ = {isa = PBXFileReference; explicitFileType = wrapper.application; includeInIndex = 0; path = boomboom.app; sourceTree = BUILT_PRODUCTS_DIR; };
		60D7B2321D4AEBC6002C3757 /* main.m */ = {isa = PBXFileReference; lastKnownFileType = sourcecode.c.objc; path = main.m; sourceTree = "<group>"; };
		60D7B2341D4AEBC6002C3757 /* AppDelegate.h */ = {isa = PBXFileReference; lastKnownFileType = sourcecode.c.h; path = AppDelegate.h; sourceTree = "<group>"; };
		60D7B2351D4AEBC6002C3757 /* AppDelegate.m */ = {isa = PBXFileReference; lastKnownFileType = sourcecode.c.objc; path = AppDelegate.m; sourceTree = "<group>"; };
		60D7B2371D4AEBC6002C3757 /* ViewController.h */ = {isa = PBXFileReference; lastKnownFileType = sourcecode.c.h; path = ViewController.h; sourceTree = "<group>"; };
		60D7B2381D4AEBC6002C3757 /* ViewController.m */ = {isa = PBXFileReference; lastKnownFileType = sourcecode.c.objc; path = ViewController.m; sourceTree = "<group>"; };
		60D7B23B1D4AEBC6002C3757 /* Base */ = {isa = PBXFileReference; lastKnownFileType = file.storyboard; name = Base; path = Base.lproj/Main.storyboard; sourceTree = "<group>"; };
		60D7B23D1D4AEBC6002C3757 /* Assets.xcassets */ = {isa = PBXFileReference; lastKnownFileType = folder.assetcatalog; path = Assets.xcassets; sourceTree = "<group>"; };
		60D7B2401D4AEBC6002C3757 /* Base */ = {isa = PBXFileReference; lastKnownFileType = file.storyboard; name = Base; path = Base.lproj/LaunchScreen.storyboard; sourceTree = "<group>"; };
		60D7B2421D4AEBC6002C3757 /* Info.plist */ = {isa = PBXFileReference; lastKnownFileType = text.plist.xml; path = Info.plist; sourceTree = "<group>"; };
		60D7B2481D4B5962002C3757 /* MasonryBasic.h */ = {isa = PBXFileReference; fileEncoding = 4; lastKnownFileType = sourcecode.c.h; path = MasonryBasic.h; sourceTree = "<group>"; };
		60D7B2491D4B5962002C3757 /* MasonryBasic.m */ = {isa = PBXFileReference; fileEncoding = 4; lastKnownFileType = sourcecode.c.objc; path = MasonryBasic.m; sourceTree = "<group>"; };
		60D7B24B1D4B5A66002C3757 /* Masonrylearn.pch */ = {isa = PBXFileReference; lastKnownFileType = sourcecode.c.h; path = Masonrylearn.pch; sourceTree = "<group>"; };
		73F2AACBE5E7B1D50A978059 /* Pods-boomboom.debug.xcconfig */ = {isa = PBXFileReference; includeInIndex = 1; lastKnownFileType = text.xcconfig; name = "Pods-boomboom.debug.xcconfig"; path = "Pods/Target Support Files/Pods-boomboom/Pods-boomboom.debug.xcconfig"; sourceTree = "<group>"; };
		76F3FBA59A41F7D0337BFE29 /* Pods-boomboom.release.xcconfig */ = {isa = PBXFileReference; includeInIndex = 1; lastKnownFileType = text.xcconfig; name = "Pods-boomboom.release.xcconfig"; path = "Pods/Target Support Files/Pods-boomboom/Pods-boomboom.release.xcconfig"; sourceTree = "<group>"; };
/* End PBXFileReference section */

/* Begin PBXFrameworksBuildPhase section */
		60D7B22B1D4AEBC6002C3757 /* Frameworks */ = {
			isa = PBXFrameworksBuildPhase;
			buildActionMask = 2147483647;
			files = (
				72A71C45707B97E3967E9CCE /* libPods-boomboom.a in Frameworks */,
				E7115286183629AA36B43100 /* libPods-boomboom.a in Frameworks */,
			);
			runOnlyForDeploymentPostprocessing = 0;
		};
/* End PBXFrameworksBuildPhase section */

/* Begin PBXGroup section */
		270D871DCBCB3B6930C6D896 /* Frameworks */ = {
			isa = PBXGroup;
			children = (
				03698FEC2B37640CC6ADE7DB /* libPods-boomboom.a */,
				2AA32822F1643AC1444AA787 /* libPods-boomboom.a */,
			);
			name = Frameworks;
			sourceTree = "<group>";
		};
		35DF199E0E65DF7944A3CB25 /* Pods */ = {
			isa = PBXGroup;
			children = (
				4387A33F7555D9BD867A059F /* Pods-boomboom.debug.xcconfig */,
				461C547269797FD6D8B114E6 /* Pods-boomboom.release.xcconfig */,
				73F2AACBE5E7B1D50A978059 /* Pods-boomboom.debug.xcconfig */,
				76F3FBA59A41F7D0337BFE29 /* Pods-boomboom.release.xcconfig */,
			);
			name = Pods;
			sourceTree = "<group>";
		};
		60D7B2251D4AEBC6002C3757 = {
			isa = PBXGroup;
			children = (
				60D7B2301D4AEBC6002C3757 /* boomboom */,
				60D7B22F1D4AEBC6002C3757 /* Products */,
				35DF199E0E65DF7944A3CB25 /* Pods */,
				270D871DCBCB3B6930C6D896 /* Frameworks */,
			);
			sourceTree = "<group>";
		};
		60D7B22F1D4AEBC6002C3757 /* Products */ = {
			isa = PBXGroup;
			children = (
				60D7B22E1D4AEBC6002C3757 /* boomboom.app */,
			);
			name = Products;
			sourceTree = "<group>";
		};
		60D7B2301D4AEBC6002C3757 /* boomboom */ = {
			isa = PBXGroup;
			children = (
				60D7B2341D4AEBC6002C3757 /* AppDelegate.h */,
				60D7B2351D4AEBC6002C3757 /* AppDelegate.m */,
				60D7B24B1D4B5A66002C3757 /* Masonrylearn.pch */,
				60D7B2371D4AEBC6002C3757 /* ViewController.h */,
				60D7B2381D4AEBC6002C3757 /* ViewController.m */,
				60D7B2481D4B5962002C3757 /* MasonryBasic.h */,
				60D7B2491D4B5962002C3757 /* MasonryBasic.m */,
				602C261E1D5040AF003AB471 /* ScrollViewController.h */,
				602C261F1D5040AF003AB471 /* ScrollViewController.m */,
				601A92041D509209003EF7B8 /* RACViewController.h */,
				601A92051D509209003EF7B8 /* RACViewController.m */,
				60217B131D531C14007A8B5A /* UIImage+Image.h */,
				60217B141D531C14007A8B5A /* UIImage+Image.m */,
				60D7B23A1D4AEBC6002C3757 /* Main.storyboard */,
				60D7B23D1D4AEBC6002C3757 /* Assets.xcassets */,
				60D7B23F1D4AEBC6002C3757 /* LaunchScreen.storyboard */,
				60D7B2421D4AEBC6002C3757 /* Info.plist */,
				60D7B2311D4AEBC6002C3757 /* Supporting Files */,
			);
			path = boomboom;
			sourceTree = "<group>";
		};
		60D7B2311D4AEBC6002C3757 /* Supporting Files */ = {
			isa = PBXGroup;
			children = (
				60D7B2321D4AEBC6002C3757 /* main.m */,
			);
			name = "Supporting Files";
			sourceTree = "<group>";
		};
/* End PBXGroup section */

/* Begin PBXNativeTarget section */
		60D7B22D1D4AEBC6002C3757 /* boomboom */ = {
			isa = PBXNativeTarget;
			buildConfigurationList = 60D7B2451D4AEBC6002C3757 /* Build configuration list for PBXNativeTarget "boomboom" */;
			buildPhases = (
				04715666C80F9F411248A386 /* [CP] Check Pods Manifest.lock */,
				60D7B22A1D4AEBC6002C3757 /* Sources */,
				60D7B22B1D4AEBC6002C3757 /* Frameworks */,
				60D7B22C1D4AEBC6002C3757 /* Resources */,
				A5C40C3019E97B5B33D0AD3E /* [CP] Embed Pods Frameworks */,
				F9DF2C542AAD555CEEF94489 /* [CP] Copy Pods Resources */,
			);
			buildRules = (
			);
			dependencies = (
			);
			name = boomboom;
			productName = boomboom;
			productReference = 60D7B22E1D4AEBC6002C3757 /* boomboom.app */;
			productType = "com.apple.product-type.application";
		};
/* End PBXNativeTarget section */

/* Begin PBXProject section */
		60D7B2261D4AEBC6002C3757 /* Project object */ = {
			isa = PBXProject;
			attributes = {
				LastUpgradeCheck = 0730;
				ORGANIZATIONNAME = llzzzhh;
				TargetAttributes = {
					60D7B22D1D4AEBC6002C3757 = {
						CreatedOnToolsVersion = 7.3.1;
						DevelopmentTeam = 94W382AB54;
					};
				};
			};
			buildConfigurationList = 60D7B2291D4AEBC6002C3757 /* Build configuration list for PBXProject "boomboom" */;
			compatibilityVersion = "Xcode 3.2";
			developmentRegion = English;
			hasScannedForEncodings = 0;
			knownRegions = (
				en,
				Base,
			);
			mainGroup = 60D7B2251D4AEBC6002C3757;
			productRefGroup = 60D7B22F1D4AEBC6002C3757 /* Products */;
			projectDirPath = "";
			projectRoot = "";
			targets = (
				60D7B22D1D4AEBC6002C3757 /* boomboom */,
			);
		};
/* End PBXProject section */

/* Begin PBXResourcesBuildPhase section */
		60D7B22C1D4AEBC6002C3757 /* Resources */ = {
			isa = PBXResourcesBuildPhase;
			buildActionMask = 2147483647;
			files = (
				60D7B2411D4AEBC6002C3757 /* LaunchScreen.storyboard in Resources */,
				60D7B23E1D4AEBC6002C3757 /* Assets.xcassets in Resources */,
				60D7B23C1D4AEBC6002C3757 /* Main.storyboard in Resources */,
			);
			runOnlyForDeploymentPostprocessing = 0;
		};
/* End PBXResourcesBuildPhase section */

/* Begin PBXShellScriptBuildPhase section */
		04715666C80F9F411248A386 /* [CP] Check Pods Manifest.lock */ = {
			isa = PBXShellScriptBuildPhase;
			buildActionMask = 2147483647;
			files = (
			);
			inputPaths = (
			);
			name = "[CP] Check Pods Manifest.lock";
			outputPaths = (
			);
			runOnlyForDeploymentPostprocessing = 0;
			shellPath = /bin/sh;
			shellScript = "diff \"${PODS_ROOT}/../Podfile.lock\" \"${PODS_ROOT}/Manifest.lock\" > /dev/null\nif [[ $? != 0 ]] ; then\n    cat << EOM\nerror: The sandbox is not in sync with the Podfile.lock. Run 'pod install' or update your CocoaPods installation.\nEOM\n    exit 1\nfi\n";
			showEnvVarsInLog = 0;
		};
		A5C40C3019E97B5B33D0AD3E /* [CP] Embed Pods Frameworks */ = {
			isa = PBXShellScriptBuildPhase;
			buildActionMask = 2147483647;
			files = (
			);
			inputPaths = (
			);
			name = "[CP] Embed Pods Frameworks";
			outputPaths = (
			);
			runOnlyForDeploymentPostprocessing = 0;
			shellPath = /bin/sh;
			shellScript = "\"${SRCROOT}/Pods/Target Support Files/Pods-boomboom/Pods-boomboom-frameworks.sh\"\n";
			showEnvVarsInLog = 0;
		};
		F9DF2C542AAD555CEEF94489 /* [CP] Copy Pods Resources */ = {
			isa = PBXShellScriptBuildPhase;
			buildActionMask = 2147483647;
			files = (
			);
			inputPaths = (
			);
			name = "[CP] Copy Pods Resources";
			outputPaths = (
			);
			runOnlyForDeploymentPostprocessing = 0;
			shellPath = /bin/sh;
			shellScript = "\"${SRCROOT}/Pods/Target Support Files/Pods-boomboom/Pods-boomboom-resources.sh\"\n";
			showEnvVarsInLog = 0;
		};
/* End PBXShellScriptBuildPhase section */

/* Begin PBXSourcesBuildPhase section */
		60D7B22A1D4AEBC6002C3757 /* Sources */ = {
			isa = PBXSourcesBuildPhase;
			buildActionMask = 2147483647;
			files = (
				602C26201D5040AF003AB471 /* ScrollViewController.m in Sources */,
				601A92061D509209003EF7B8 /* RACViewController.m in Sources */,
				60D7B24A1D4B5962002C3757 /* MasonryBasic.m in Sources */,
				60D7B2391D4AEBC6002C3757 /* ViewController.m in Sources */,
				60217B151D531C14007A8B5A /* UIImage+Image.m in Sources */,
				60D7B2361D4AEBC6002C3757 /* AppDelegate.m in Sources */,
				60D7B2331D4AEBC6002C3757 /* main.m in Sources */,
			);
			runOnlyForDeploymentPostprocessing = 0;
		};
/* End PBXSourcesBuildPhase section */

/* Begin PBXVariantGroup section */
		60D7B23A1D4AEBC6002C3757 /* Main.storyboard */ = {
			isa = PBXVariantGroup;
			children = (
				60D7B23B1D4AEBC6002C3757 /* Base */,
			);
			name = Main.storyboard;
			sourceTree = "<group>";
		};
		60D7B23F1D4AEBC6002C3757 /* LaunchScreen.storyboard */ = {
			isa = PBXVariantGroup;
			children = (
				60D7B2401D4AEBC6002C3757 /* Base */,
			);
			name = LaunchScreen.storyboard;
			sourceTree = "<group>";
		};
/* End PBXVariantGroup section */

/* Begin XCBuildConfiguration section */
		60D7B2431D4AEBC6002C3757 /* Debug */ = {
			isa = XCBuildConfiguration;
			buildSettings = {
				ALWAYS_SEARCH_USER_PATHS = NO;
				CLANG_ANALYZER_NONNULL = YES;
				CLANG_CXX_LANGUAGE_STANDARD = "gnu++0x";
				CLANG_CXX_LIBRARY = "libc++";
				CLANG_ENABLE_MODULES = YES;
				CLANG_ENABLE_OBJC_ARC = YES;
				CLANG_WARN_BOOL_CONVERSION = YES;
				CLANG_WARN_CONSTANT_CONVERSION = YES;
				CLANG_WARN_DIRECT_OBJC_ISA_USAGE = YES_ERROR;
				CLANG_WARN_EMPTY_BODY = YES;
				CLANG_WARN_ENUM_CONVERSION = YES;
				CLANG_WARN_INT_CONVERSION = YES;
				CLANG_WARN_OBJC_ROOT_CLASS = YES_ERROR;
				CLANG_WARN_UNREACHABLE_CODE = YES;
				CLANG_WARN__DUPLICATE_METHOD_MATCH = YES;
				"CODE_SIGN_IDENTITY[sdk=iphoneos*]" = "iPhone Developer";
				COPY_PHASE_STRIP = NO;
				DEBUG_INFORMATION_FORMAT = dwarf;
				ENABLE_STRICT_OBJC_MSGSEND = YES;
				ENABLE_TESTABILITY = YES;
				GCC_C_LANGUAGE_STANDARD = gnu99;
				GCC_DYNAMIC_NO_PIC = NO;
				GCC_NO_COMMON_BLOCKS = YES;
				GCC_OPTIMIZATION_LEVEL = 0;
				GCC_PREPROCESSOR_DEFINITIONS = (
					"DEBUG=1",
					"$(inherited)",
				);
				GCC_WARN_64_TO_32_BIT_CONVERSION = YES;
				GCC_WARN_ABOUT_RETURN_TYPE = YES_ERROR;
				GCC_WARN_UNDECLARED_SELECTOR = YES;
				GCC_WARN_UNINITIALIZED_AUTOS = YES_AGGRESSIVE;
				GCC_WARN_UNUSED_FUNCTION = YES;
				GCC_WARN_UNUSED_VARIABLE = YES;
				IPHONEOS_DEPLOYMENT_TARGET = 9.3;
				MTL_ENABLE_DEBUG_INFO = YES;
				ONLY_ACTIVE_ARCH = YES;
				SDKROOT = iphoneos;
				TARGETED_DEVICE_FAMILY = "1,2";
			};
			name = Debug;
		};
		60D7B2441D4AEBC6002C3757 /* Release */ = {
			isa = XCBuildConfiguration;
			buildSettings = {
				ALWAYS_SEARCH_USER_PATHS = NO;
				CLANG_ANALYZER_NONNULL = YES;
				CLANG_CXX_LANGUAGE_STANDARD = "gnu++0x";
				CLANG_CXX_LIBRARY = "libc++";
				CLANG_ENABLE_MODULES = YES;
				CLANG_ENABLE_OBJC_ARC = YES;
				CLANG_WARN_BOOL_CONVERSION = YES;
				CLANG_WARN_CONSTANT_CONVERSION = YES;
				CLANG_WARN_DIRECT_OBJC_ISA_USAGE = YES_ERROR;
				CLANG_WARN_EMPTY_BODY = YES;
				CLANG_WARN_ENUM_CONVERSION = YES;
				CLANG_WARN_INT_CONVERSION = YES;
				CLANG_WARN_OBJC_ROOT_CLASS = YES_ERROR;
				CLANG_WARN_UNREACHABLE_CODE = YES;
				CLANG_WARN__DUPLICATE_METHOD_MATCH = YES;
				"CODE_SIGN_IDENTITY[sdk=iphoneos*]" = "iPhone Developer";
				COPY_PHASE_STRIP = NO;
				DEBUG_INFORMATION_FORMAT = "dwarf-with-dsym";
				ENABLE_NS_ASSERTIONS = NO;
				ENABLE_STRICT_OBJC_MSGSEND = YES;
				GCC_C_LANGUAGE_STANDARD = gnu99;
				GCC_NO_COMMON_BLOCKS = YES;
				GCC_WARN_64_TO_32_BIT_CONVERSION = YES;
				GCC_WARN_ABOUT_RETURN_TYPE = YES_ERROR;
				GCC_WARN_UNDECLARED_SELECTOR = YES;
				GCC_WARN_UNINITIALIZED_AUTOS = YES_AGGRESSIVE;
				GCC_WARN_UNUSED_FUNCTION = YES;
				GCC_WARN_UNUSED_VARIABLE = YES;
				IPHONEOS_DEPLOYMENT_TARGET = 9.3;
				MTL_ENABLE_DEBUG_INFO = NO;
				SDKROOT = iphoneos;
				TARGETED_DEVICE_FAMILY = "1,2";
				VALIDATE_PRODUCT = YES;
			};
			name = Release;
		};
		60D7B2461D4AEBC6002C3757 /* Debug */ = {
			isa = XCBuildConfiguration;
			baseConfigurationReference = 73F2AACBE5E7B1D50A978059 /* Pods-boomboom.debug.xcconfig */;
			buildSettings = {
				ASSETCATALOG_COMPILER_APPICON_NAME = AppIcon;
				CODE_SIGN_IDENTITY = "iPhone Developer";
				"CODE_SIGN_IDENTITY[sdk=iphoneos*]" = "iPhone Developer";
				GCC_PRECOMPILE_PREFIX_HEADER = YES;
				GCC_PREFIX_HEADER = "$(SRCROOT)/boomboom/Masonrylearn.pch";
				INFOPLIST_FILE = boomboom/Info.plist;
				LD_RUNPATH_SEARCH_PATHS = "$(inherited) @executable_path/Frameworks";
				PRODUCT_BUNDLE_IDENTIFIER = com.llzzzhh.boomboom;
				PRODUCT_NAME = boomboom;
				PROVISIONING_PROFILE = "";
			};
			name = Debug;
		};
		60D7B2471D4AEBC6002C3757 /* Release */ = {
			isa = XCBuildConfiguration;
			baseConfigurationReference = 76F3FBA59A41F7D0337BFE29 /* Pods-boomboom.release.xcconfig */;
			buildSettings = {
				ASSETCATALOG_COMPILER_APPICON_NAME = AppIcon;
				CODE_SIGN_IDENTITY = "iPhone Developer";
				"CODE_SIGN_IDENTITY[sdk=iphoneos*]" = "iPhone Developer";
				GCC_PRECOMPILE_PREFIX_HEADER = YES;
				GCC_PREFIX_HEADER = "$(SRCROOT)/boomboom/Masonrylearn.pch";
				INFOPLIST_FILE = boomboom/Info.plist;
				LD_RUNPATH_SEARCH_PATHS = "$(inherited) @executable_path/Frameworks";
				PRODUCT_BUNDLE_IDENTIFIER = com.llzzzhh.boomboom;
				PRODUCT_NAME = boomboom;
				PROVISIONING_PROFILE = "";
			};
			name = Release;
		};
/* End XCBuildConfiguration section */

/* Begin XCConfigurationList section */
		60D7B2291D4AEBC6002C3757 /* Build configuration list for PBXProject "boomboom" */ = {
			isa = XCConfigurationList;
			buildConfigurations = (
				60D7B2431D4AEBC6002C3757 /* Debug */,
				60D7B2441D4AEBC6002C3757 /* Release */,
			);
			defaultConfigurationIsVisible = 0;
			defaultConfigurationName = Release;
		};
		60D7B2451D4AEBC6002C3757 /* Build configuration list for PBXNativeTarget "boomboom" */ = {
			isa = XCConfigurationList;
			buildConfigurations = (
				60D7B2461D4AEBC6002C3757 /* Debug */,
				60D7B2471D4AEBC6002C3757 /* Release */,
			);
			defaultConfigurationIsVisible = 0;
			defaultConfigurationName = Release;
		};
/* End XCConfigurationList section */
	};
	rootObject = 60D7B2261D4AEBC6002C3757 /* Project object */;
}
